
Microsoft Visual Studio Solution File, Format Version 12.00
# Visual Studio Version 16
VisualStudioVersion = 16.0.31321.278
MinimumVisualStudioVersion = 10.0.40219.1
Project("{9A19103F-16F7-4668-BE54-9A1E7A4F7556}") = "Idp_efCore", "Idp_efCore.csproj", "{4B139F83-0DE4-4322-AB87-717983E36E92}"
EndProject
Global
	GlobalSection(SolutionConfigurationPlatforms) = preSolution
		Debug|Any CPU = Debug|Any CPU
		Release|Any CPU = Release|Any CPU
	EndGlobalSection
	GlobalSection(ProjectConfigurationPlatforms) = postSolution
		{4B139F83-0DE4-4322-AB87-717983E36E92}.Debug|Any CPU.ActiveCfg = Debug|Any CPU
		{4B139F83-0DE4-4322-AB87-717983E36E92}.Debug|Any CPU.Build.0 = Debug|Any CPU
		{4B139F83-0DE4-4322-AB87-717983E36E92}.Release|Any CPU.ActiveCfg = Release|Any CPU
		{4B139F83-0DE4-4322-AB87-717983E36E92}.Release|Any CPU.Build.0 = Release|Any CPU
	EndGlobalSection
	GlobalSection(SolutionProperties) = preSolution
		HideSolutionNode = FALSE
	EndGlobalSection
	GlobalSection(ExtensibilityGlobals) = postSolution
		SolutionGuid = {D07A6C8F-1C29-4833-9CB3-40BAD6835DBD}
	EndGlobalSection
EndGlobal
